// !$*UTF8*$!
{
	archiveVersion = 1;
	classes = {
	};
	objectVersion = 50;
	objects = {

/* Begin PBXBuildFile section */
		34085CF026450F1A00BA1EF5 /* LoginViewController.swift in Sources */ = {isa = PBXBuildFile; fileRef = 34085CEF26450F1A00BA1EF5 /* LoginViewController.swift */; };
		349382B126450E9D00571719 /* RegisterViewController.swift in Sources */ = {isa = PBXBuildFile; fileRef = 349382B026450E9D00571719 /* RegisterViewController.swift */; };
		A7B5CE3B264465930081A2F3 /* API.swift in Sources */ = {isa = PBXBuildFile; fileRef = A7B5CE3A264465930081A2F3 /* API.swift */; };
		A7BBD537263137C400E142D1 /* PickupsViewController.swift in Sources */ = {isa = PBXBuildFile; fileRef = A7BBD536263137C400E142D1 /* PickupsViewController.swift */; };
		A7BBD53C2631457900E142D1 /* RestaurantCell.swift in Sources */ = {isa = PBXBuildFile; fileRef = A7BBD53B2631457800E142D1 /* RestaurantCell.swift */; };
		A7BBD541263B894300E142D1 /* DonateViewController.swift in Sources */ = {isa = PBXBuildFile; fileRef = A7BBD540263B894200E142D1 /* DonateViewController.swift */; };
		A7BBD546263B8B5000E142D1 /* RestaurantHomeViewController.swift in Sources */ = {isa = PBXBuildFile; fileRef = A7BBD545263B8B5000E142D1 /* RestaurantHomeViewController.swift */; };
		A7BBD54B263B8CB700E142D1 /* RestaurantProfileViewController.swift in Sources */ = {isa = PBXBuildFile; fileRef = A7BBD54A263B8CB700E142D1 /* RestaurantProfileViewController.swift */; };
		A7F3FE8E264F0D56008D3545 /* acceptRequestViewController.swift in Sources */ = {isa = PBXBuildFile; fileRef = A7F3FE8D264F0D56008D3545 /* acceptRequestViewController.swift */; };
		A7F3FE93264F0FC2008D3545 /* editRestaurantProfileViewController.swift in Sources */ = {isa = PBXBuildFile; fileRef = A7F3FE92264F0FC2008D3545 /* editRestaurantProfileViewController.swift */; };
		DED7297B2628FC57006FE76B /* AppDelegate.swift in Sources */ = {isa = PBXBuildFile; fileRef = DED7297A2628FC57006FE76B /* AppDelegate.swift */; };
		DED7297D2628FC57006FE76B /* SceneDelegate.swift in Sources */ = {isa = PBXBuildFile; fileRef = DED7297C2628FC57006FE76B /* SceneDelegate.swift */; };
		DED7297F2628FC57006FE76B /* ViewController.swift in Sources */ = {isa = PBXBuildFile; fileRef = DED7297E2628FC57006FE76B /* ViewController.swift */; };
		DED729822628FC57006FE76B /* Main.storyboard in Resources */ = {isa = PBXBuildFile; fileRef = DED729802628FC57006FE76B /* Main.storyboard */; };
		DED729842628FC59006FE76B /* Assets.xcassets in Resources */ = {isa = PBXBuildFile; fileRef = DED729832628FC59006FE76B /* Assets.xcassets */; };
		DED729872628FC59006FE76B /* LaunchScreen.storyboard in Resources */ = {isa = PBXBuildFile; fileRef = DED729852628FC59006FE76B /* LaunchScreen.storyboard */; };
		DED729922628FC5A006FE76B /* Donate_FoodTests.swift in Sources */ = {isa = PBXBuildFile; fileRef = DED729912628FC5A006FE76B /* Donate_FoodTests.swift */; };
		DED7299D2628FC5A006FE76B /* Donate_FoodUITests.swift in Sources */ = {isa = PBXBuildFile; fileRef = DED7299C2628FC5A006FE76B /* Donate_FoodUITests.swift */; };
		DEE215F1264B322500C05BCC /* DriverProfileViewController.swift in Sources */ = {isa = PBXBuildFile; fileRef = DEE215F0264B322500C05BCC /* DriverProfileViewController.swift */; };
		DEE215F3264B39DA00C05BCC /* DriverHomeViewController.swift in Sources */ = {isa = PBXBuildFile; fileRef = DEE215F2264B39DA00C05BCC /* DriverHomeViewController.swift */; };
/* End PBXBuildFile section */

/* Begin PBXContainerItemProxy section */
		DED7298E2628FC5A006FE76B /* PBXContainerItemProxy */ = {
			isa = PBXContainerItemProxy;
			containerPortal = DED7296F2628FC56006FE76B /* Project object */;
			proxyType = 1;
			remoteGlobalIDString = DED729762628FC56006FE76B;
			remoteInfo = "Donate Food";
		};
		DED729992628FC5A006FE76B /* PBXContainerItemProxy */ = {
			isa = PBXContainerItemProxy;
			containerPortal = DED7296F2628FC56006FE76B /* Project object */;
			proxyType = 1;
			remoteGlobalIDString = DED729762628FC56006FE76B;
			remoteInfo = "Donate Food";
		};
/* End PBXContainerItemProxy section */

/* Begin PBXFileReference section */
		34085CEF26450F1A00BA1EF5 /* LoginViewController.swift */ = {isa = PBXFileReference; lastKnownFileType = sourcecode.swift; path = LoginViewController.swift; sourceTree = "<group>"; };
		349382B026450E9D00571719 /* RegisterViewController.swift */ = {isa = PBXFileReference; lastKnownFileType = sourcecode.swift; path = RegisterViewController.swift; sourceTree = "<group>"; };
		A7B5CE3A264465930081A2F3 /* API.swift */ = {isa = PBXFileReference; lastKnownFileType = sourcecode.swift; path = API.swift; sourceTree = "<group>"; };
		A7BBD536263137C400E142D1 /* PickupsViewController.swift */ = {isa = PBXFileReference; lastKnownFileType = sourcecode.swift; path = PickupsViewController.swift; sourceTree = "<group>"; };
		A7BBD53B2631457800E142D1 /* RestaurantCell.swift */ = {isa = PBXFileReference; lastKnownFileType = sourcecode.swift; path = RestaurantCell.swift; sourceTree = "<group>"; };
		A7BBD540263B894200E142D1 /* DonateViewController.swift */ = {isa = PBXFileReference; lastKnownFileType = sourcecode.swift; path = DonateViewController.swift; sourceTree = "<group>"; };
		A7BBD545263B8B5000E142D1 /* RestaurantHomeViewController.swift */ = {isa = PBXFileReference; lastKnownFileType = sourcecode.swift; path = RestaurantHomeViewController.swift; sourceTree = "<group>"; };
		A7BBD54A263B8CB700E142D1 /* RestaurantProfileViewController.swift */ = {isa = PBXFileReference; lastKnownFileType = sourcecode.swift; path = RestaurantProfileViewController.swift; sourceTree = "<group>"; };
		A7F3FE8D264F0D56008D3545 /* acceptRequestViewController.swift */ = {isa = PBXFileReference; lastKnownFileType = sourcecode.swift; path = acceptRequestViewController.swift; sourceTree = "<group>"; };
		A7F3FE92264F0FC2008D3545 /* editRestaurantProfileViewController.swift */ = {isa = PBXFileReference; lastKnownFileType = sourcecode.swift; path = editRestaurantProfileViewController.swift; sourceTree = "<group>"; };
		DED729772628FC56006FE76B /* Donate Food.app */ = {isa = PBXFileReference; explicitFileType = wrapper.application; includeInIndex = 0; path = "Donate Food.app"; sourceTree = BUILT_PRODUCTS_DIR; };
		DED7297A2628FC57006FE76B /* AppDelegate.swift */ = {isa = PBXFileReference; lastKnownFileType = sourcecode.swift; path = AppDelegate.swift; sourceTree = "<group>"; };
		DED7297C2628FC57006FE76B /* SceneDelegate.swift */ = {isa = PBXFileReference; lastKnownFileType = sourcecode.swift; path = SceneDelegate.swift; sourceTree = "<group>"; };
		DED7297E2628FC57006FE76B /* ViewController.swift */ = {isa = PBXFileReference; lastKnownFileType = sourcecode.swift; path = ViewController.swift; sourceTree = "<group>"; };
		DED729812628FC57006FE76B /* Base */ = {isa = PBXFileReference; lastKnownFileType = file.storyboard; name = Base; path = Base.lproj/Main.storyboard; sourceTree = "<group>"; };
		DED729832628FC59006FE76B /* Assets.xcassets */ = {isa = PBXFileReference; lastKnownFileType = folder.assetcatalog; path = Assets.xcassets; sourceTree = "<group>"; };
		DED729862628FC59006FE76B /* Base */ = {isa = PBXFileReference; lastKnownFileType = file.storyboard; name = Base; path = Base.lproj/LaunchScreen.storyboard; sourceTree = "<group>"; };
		DED729882628FC59006FE76B /* Info.plist */ = {isa = PBXFileReference; lastKnownFileType = text.plist.xml; path = Info.plist; sourceTree = "<group>"; };
		DED7298D2628FC5A006FE76B /* Donate FoodTests.xctest */ = {isa = PBXFileReference; explicitFileType = wrapper.cfbundle; includeInIndex = 0; path = "Donate FoodTests.xctest"; sourceTree = BUILT_PRODUCTS_DIR; };
		DED729912628FC5A006FE76B /* Donate_FoodTests.swift */ = {isa = PBXFileReference; lastKnownFileType = sourcecode.swift; path = Donate_FoodTests.swift; sourceTree = "<group>"; };
		DED729932628FC5A006FE76B /* Info.plist */ = {isa = PBXFileReference; lastKnownFileType = text.plist.xml; path = Info.plist; sourceTree = "<group>"; };
		DED729982628FC5A006FE76B /* Donate FoodUITests.xctest */ = {isa = PBXFileReference; explicitFileType = wrapper.cfbundle; includeInIndex = 0; path = "Donate FoodUITests.xctest"; sourceTree = BUILT_PRODUCTS_DIR; };
		DED7299C2628FC5A006FE76B /* Donate_FoodUITests.swift */ = {isa = PBXFileReference; lastKnownFileType = sourcecode.swift; path = Donate_FoodUITests.swift; sourceTree = "<group>"; };
		DED7299E2628FC5A006FE76B /* Info.plist */ = {isa = PBXFileReference; lastKnownFileType = text.plist.xml; path = Info.plist; sourceTree = "<group>"; };
		DEE215F0264B322500C05BCC /* DriverProfileViewController.swift */ = {isa = PBXFileReference; lastKnownFileType = sourcecode.swift; path = DriverProfileViewController.swift; sourceTree = "<group>"; };
		DEE215F2264B39DA00C05BCC /* DriverHomeViewController.swift */ = {isa = PBXFileReference; lastKnownFileType = sourcecode.swift; path = DriverHomeViewController.swift; sourceTree = "<group>"; };
/* End PBXFileReference section */

/* Begin PBXFrameworksBuildPhase section */
		DED729742628FC56006FE76B /* Frameworks */ = {
			isa = PBXFrameworksBuildPhase;
			buildActionMask = 2147483647;
			files = (
			);
			runOnlyForDeploymentPostprocessing = 0;
		};
		DED7298A2628FC5A006FE76B /* Frameworks */ = {
			isa = PBXFrameworksBuildPhase;
			buildActionMask = 2147483647;
			files = (
			);
			runOnlyForDeploymentPostprocessing = 0;
		};
		DED729952628FC5A006FE76B /* Frameworks */ = {
			isa = PBXFrameworksBuildPhase;
			buildActionMask = 2147483647;
			files = (
			);
			runOnlyForDeploymentPostprocessing = 0;
		};
/* End PBXFrameworksBuildPhase section */

/* Begin PBXGroup section */
		DED7296E2628FC56006FE76B = {
			isa = PBXGroup;
			children = (
				DED729792628FC56006FE76B /* Donate Food */,
				DED729902628FC5A006FE76B /* Donate FoodTests */,
				DED7299B2628FC5A006FE76B /* Donate FoodUITests */,
				DED729782628FC56006FE76B /* Products */,
			);
			sourceTree = "<group>";
		};
		DED729782628FC56006FE76B /* Products */ = {
			isa = PBXGroup;
			children = (
				DED729772628FC56006FE76B /* Donate Food.app */,
				DED7298D2628FC5A006FE76B /* Donate FoodTests.xctest */,
				DED729982628FC5A006FE76B /* Donate FoodUITests.xctest */,
			);
			name = Products;
			sourceTree = "<group>";
		};
		DED729792628FC56006FE76B /* Donate Food */ = {
			isa = PBXGroup;
			children = (
				DED7297A2628FC57006FE76B /* AppDelegate.swift */,
				DED7297C2628FC57006FE76B /* SceneDelegate.swift */,
				DED7297E2628FC57006FE76B /* ViewController.swift */,
				DED729802628FC57006FE76B /* Main.storyboard */,
				DED729832628FC59006FE76B /* Assets.xcassets */,
				DED729852628FC59006FE76B /* LaunchScreen.storyboard */,
				DED729882628FC59006FE76B /* Info.plist */,
				A7BBD536263137C400E142D1 /* PickupsViewController.swift */,
				A7BBD53B2631457800E142D1 /* RestaurantCell.swift */,
				A7BBD540263B894200E142D1 /* DonateViewController.swift */,
				A7BBD545263B8B5000E142D1 /* RestaurantHomeViewController.swift */,
				A7BBD54A263B8CB700E142D1 /* RestaurantProfileViewController.swift */,
				A7B5CE3A264465930081A2F3 /* API.swift */,
				349382B026450E9D00571719 /* RegisterViewController.swift */,
				34085CEF26450F1A00BA1EF5 /* LoginViewController.swift */,
				DEE215F0264B322500C05BCC /* DriverProfileViewController.swift */,
				DEE215F2264B39DA00C05BCC /* DriverHomeViewController.swift */,
				A7F3FE8D264F0D56008D3545 /* acceptRequestViewController.swift */,
				A7F3FE92264F0FC2008D3545 /* editRestaurantProfileViewController.swift */,
			);
			path = "Donate Food";
			sourceTree = "<group>";
		};
		DED729902628FC5A006FE76B /* Donate FoodTests */ = {
			isa = PBXGroup;
			children = (
				DED729912628FC5A006FE76B /* Donate_FoodTests.swift */,
				DED729932628FC5A006FE76B /* Info.plist */,
			);
			path = "Donate FoodTests";
			sourceTree = "<group>";
		};
		DED7299B2628FC5A006FE76B /* Donate FoodUITests */ = {
			isa = PBXGroup;
			children = (
				DED7299C2628FC5A006FE76B /* Donate_FoodUITests.swift */,
				DED7299E2628FC5A006FE76B /* Info.plist */,
			);
			path = "Donate FoodUITests";
			sourceTree = "<group>";
		};
/* End PBXGroup section */

/* Begin PBXNativeTarget section */
		DED729762628FC56006FE76B /* Donate Food */ = {
			isa = PBXNativeTarget;
			buildConfigurationList = DED729A12628FC5A006FE76B /* Build configuration list for PBXNativeTarget "Donate Food" */;
			buildPhases = (
				DED729732628FC56006FE76B /* Sources */,
				DED729742628FC56006FE76B /* Frameworks */,
				DED729752628FC56006FE76B /* Resources */,
			);
			buildRules = (
			);
			dependencies = (
			);
			name = "Donate Food";
			productName = "Donate Food";
			productReference = DED729772628FC56006FE76B /* Donate Food.app */;
			productType = "com.apple.product-type.application";
		};
		DED7298C2628FC5A006FE76B /* Donate FoodTests */ = {
			isa = PBXNativeTarget;
			buildConfigurationList = DED729A42628FC5A006FE76B /* Build configuration list for PBXNativeTarget "Donate FoodTests" */;
			buildPhases = (
				DED729892628FC5A006FE76B /* Sources */,
				DED7298A2628FC5A006FE76B /* Frameworks */,
				DED7298B2628FC5A006FE76B /* Resources */,
			);
			buildRules = (
			);
			dependencies = (
				DED7298F2628FC5A006FE76B /* PBXTargetDependency */,
			);
			name = "Donate FoodTests";
			productName = "Donate FoodTests";
			productReference = DED7298D2628FC5A006FE76B /* Donate FoodTests.xctest */;
			productType = "com.apple.product-type.bundle.unit-test";
		};
		DED729972628FC5A006FE76B /* Donate FoodUITests */ = {
			isa = PBXNativeTarget;
			buildConfigurationList = DED729A72628FC5A006FE76B /* Build configuration list for PBXNativeTarget "Donate FoodUITests" */;
			buildPhases = (
				DED729942628FC5A006FE76B /* Sources */,
				DED729952628FC5A006FE76B /* Frameworks */,
				DED729962628FC5A006FE76B /* Resources */,
			);
			buildRules = (
			);
			dependencies = (
				DED7299A2628FC5A006FE76B /* PBXTargetDependency */,
			);
			name = "Donate FoodUITests";
			productName = "Donate FoodUITests";
			productReference = DED729982628FC5A006FE76B /* Donate FoodUITests.xctest */;
			productType = "com.apple.product-type.bundle.ui-testing";
		};
/* End PBXNativeTarget section */

/* Begin PBXProject section */
		DED7296F2628FC56006FE76B /* Project object */ = {
			isa = PBXProject;
			attributes = {
				LastSwiftUpdateCheck = 1170;
				LastUpgradeCheck = 1170;
				ORGANIZATIONNAME = CodePath;
				TargetAttributes = {
					DED729762628FC56006FE76B = {
						CreatedOnToolsVersion = 11.7;
					};
					DED7298C2628FC5A006FE76B = {
						CreatedOnToolsVersion = 11.7;
						TestTargetID = DED729762628FC56006FE76B;
					};
					DED729972628FC5A006FE76B = {
						CreatedOnToolsVersion = 11.7;
						TestTargetID = DED729762628FC56006FE76B;
					};
				};
			};
			buildConfigurationList = DED729722628FC56006FE76B /* Build configuration list for PBXProject "Donate Food" */;
			compatibilityVersion = "Xcode 9.3";
			developmentRegion = en;
			hasScannedForEncodings = 0;
			knownRegions = (
				en,
				Base,
			);
			mainGroup = DED7296E2628FC56006FE76B;
			productRefGroup = DED729782628FC56006FE76B /* Products */;
			projectDirPath = "";
			projectRoot = "";
			targets = (
				DED729762628FC56006FE76B /* Donate Food */,
				DED7298C2628FC5A006FE76B /* Donate FoodTests */,
				DED729972628FC5A006FE76B /* Donate FoodUITests */,
			);
		};
/* End PBXProject section */

/* Begin PBXResourcesBuildPhase section */
		DED729752628FC56006FE76B /* Resources */ = {
			isa = PBXResourcesBuildPhase;
			buildActionMask = 2147483647;
			files = (
				DED729872628FC59006FE76B /* LaunchScreen.storyboard in Resources */,
				DED729842628FC59006FE76B /* Assets.xcassets in Resources */,
				DED729822628FC57006FE76B /* Main.storyboard in Resources */,
			);
			runOnlyForDeploymentPostprocessing = 0;
		};
		DED7298B2628FC5A006FE76B /* Resources */ = {
			isa = PBXResourcesBuildPhase;
			buildActionMask = 2147483647;
			files = (
			);
			runOnlyForDeploymentPostprocessing = 0;
		};
		DED729962628FC5A006FE76B /* Resources */ = {
			isa = PBXResourcesBuildPhase;
			buildActionMask = 2147483647;
			files = (
			);
			runOnlyForDeploymentPostprocessing = 0;
		};
/* End PBXResourcesBuildPhase section */

/* Begin PBXSourcesBuildPhase section */
		DED729732628FC56006FE76B /* Sources */ = {
			isa = PBXSourcesBuildPhase;
			buildActionMask = 2147483647;
			files = (
				DEE215F1264B322500C05BCC /* DriverProfileViewController.swift in Sources */,
				A7BBD53C2631457900E142D1 /* RestaurantCell.swift in Sources */,
				349382B126450E9D00571719 /* RegisterViewController.swift in Sources */,
				A7BBD54B263B8CB700E142D1 /* RestaurantProfileViewController.swift in Sources */,
				A7BBD546263B8B5000E142D1 /* RestaurantHomeViewController.swift in Sources */,
				A7F3FE93264F0FC2008D3545 /* editRestaurantProfileViewController.swift in Sources */,
				DEE215F3264B39DA00C05BCC /* DriverHomeViewController.swift in Sources */,
				A7BBD541263B894300E142D1 /* DonateViewController.swift in Sources */,
				A7BBD537263137C400E142D1 /* PickupsViewController.swift in Sources */,
				DED7297F2628FC57006FE76B /* ViewController.swift in Sources */,
				DED7297B2628FC57006FE76B /* AppDelegate.swift in Sources */,
				A7B5CE3B264465930081A2F3 /* API.swift in Sources */,
				DED7297D2628FC57006FE76B /* SceneDelegate.swift in Sources */,
				A7F3FE8E264F0D56008D3545 /* acceptRequestViewController.swift in Sources */,
				34085CF026450F1A00BA1EF5 /* LoginViewController.swift in Sources */,
			);
			runOnlyForDeploymentPostprocessing = 0;
		};
		DED729892628FC5A006FE76B /* Sources */ = {
			isa = PBXSourcesBuildPhase;
			buildActionMask = 2147483647;
			files = (
				DED729922628FC5A006FE76B /* Donate_FoodTests.swift in Sources */,
			);
			runOnlyForDeploymentPostprocessing = 0;
		};
		DED729942628FC5A006FE76B /* Sources */ = {
			isa = PBXSourcesBuildPhase;
			buildActionMask = 2147483647;
			files = (
				DED7299D2628FC5A006FE76B /* Donate_FoodUITests.swift in Sources */,
			);
			runOnlyForDeploymentPostprocessing = 0;
		};
/* End PBXSourcesBuildPhase section */

/* Begin PBXTargetDependency section */
		DED7298F2628FC5A006FE76B /* PBXTargetDependency */ = {
			isa = PBXTargetDependency;
			target = DED729762628FC56006FE76B /* Donate Food */;
			targetProxy = DED7298E2628FC5A006FE76B /* PBXContainerItemProxy */;
		};
		DED7299A2628FC5A006FE76B /* PBXTargetDependency */ = {
			isa = PBXTargetDependency;
			target = DED729762628FC56006FE76B /* Donate Food */;
			targetProxy = DED729992628FC5A006FE76B /* PBXContainerItemProxy */;
		};
/* End PBXTargetDependency section */

/* Begin PBXVariantGroup section */
		DED729802628FC57006FE76B /* Main.storyboard */ = {
			isa = PBXVariantGroup;
			children = (
				DED729812628FC57006FE76B /* Base */,
			);
			name = Main.storyboard;
			sourceTree = "<group>";
		};
		DED729852628FC59006FE76B /* LaunchScreen.storyboard */ = {
			isa = PBXVariantGroup;
			children = (
				DED729862628FC59006FE76B /* Base */,
			);
			name = LaunchScreen.storyboard;
			sourceTree = "<group>";
		};
/* End PBXVariantGroup section */

/* Begin XCBuildConfiguration section */
		DED7299F2628FC5A006FE76B /* Debug */ = {
			isa = XCBuildConfiguration;
			buildSettings = {
				ALWAYS_SEARCH_USER_PATHS = NO;
				CLANG_ANALYZER_NONNULL = YES;
				CLANG_ANALYZER_NUMBER_OBJECT_CONVERSION = YES_AGGRESSIVE;
				CLANG_CXX_LANGUAGE_STANDARD = "gnu++14";
				CLANG_CXX_LIBRARY = "libc++";
				CLANG_ENABLE_MODULES = YES;
				CLANG_ENABLE_OBJC_ARC = YES;
				CLANG_ENABLE_OBJC_WEAK = YES;
				CLANG_WARN_BLOCK_CAPTURE_AUTORELEASING = YES;
				CLANG_WARN_BOOL_CONVERSION = YES;
				CLANG_WARN_COMMA = YES;
				CLANG_WARN_CONSTANT_CONVERSION = YES;
				CLANG_WARN_DEPRECATED_OBJC_IMPLEMENTATIONS = YES;
				CLANG_WARN_DIRECT_OBJC_ISA_USAGE = YES_ERROR;
				CLANG_WARN_DOCUMENTATION_COMMENTS = YES;
				CLANG_WARN_EMPTY_BODY = YES;
				CLANG_WARN_ENUM_CONVERSION = YES;
				CLANG_WARN_INFINITE_RECURSION = YES;
				CLANG_WARN_INT_CONVERSION = YES;
				CLANG_WARN_NON_LITERAL_NULL_CONVERSION = YES;
				CLANG_WARN_OBJC_IMPLICIT_RETAIN_SELF = YES;
				CLANG_WARN_OBJC_LITERAL_CONVERSION = YES;
				CLANG_WARN_OBJC_ROOT_CLASS = YES_ERROR;
				CLANG_WARN_RANGE_LOOP_ANALYSIS = YES;
				CLANG_WARN_STRICT_PROTOTYPES = YES;
				CLANG_WARN_SUSPICIOUS_MOVE = YES;
				CLANG_WARN_UNGUARDED_AVAILABILITY = YES_AGGRESSIVE;
				CLANG_WARN_UNREACHABLE_CODE = YES;
				CLANG_WARN__DUPLICATE_METHOD_MATCH = YES;
				COPY_PHASE_STRIP = NO;
				DEBUG_INFORMATION_FORMAT = dwarf;
				ENABLE_STRICT_OBJC_MSGSEND = YES;
				ENABLE_TESTABILITY = YES;
				GCC_C_LANGUAGE_STANDARD = gnu11;
				GCC_DYNAMIC_NO_PIC = NO;
				GCC_NO_COMMON_BLOCKS = YES;
				GCC_OPTIMIZATION_LEVEL = 0;
				GCC_PREPROCESSOR_DEFINITIONS = (
					"DEBUG=1",
					"$(inherited)",
				);
				GCC_WARN_64_TO_32_BIT_CONVERSION = YES;
				GCC_WARN_ABOUT_RETURN_TYPE = YES_ERROR;
				GCC_WARN_UNDECLARED_SELECTOR = YES;
				GCC_WARN_UNINITIALIZED_AUTOS = YES_AGGRESSIVE;
				GCC_WARN_UNUSED_FUNCTION = YES;
				GCC_WARN_UNUSED_VARIABLE = YES;
				IPHONEOS_DEPLOYMENT_TARGET = 13.7;
				MTL_ENABLE_DEBUG_INFO = INCLUDE_SOURCE;
				MTL_FAST_MATH = YES;
				ONLY_ACTIVE_ARCH = YES;
				SDKROOT = iphoneos;
				SWIFT_ACTIVE_COMPILATION_CONDITIONS = DEBUG;
				SWIFT_OPTIMIZATION_LEVEL = "-Onone";
			};
			name = Debug;
		};
		DED729A02628FC5A006FE76B /* Release */ = {
			isa = XCBuildConfiguration;
			buildSettings = {
				ALWAYS_SEARCH_USER_PATHS = NO;
				CLANG_ANALYZER_NONNULL = YES;
				CLANG_ANALYZER_NUMBER_OBJECT_CONVERSION = YES_AGGRESSIVE;
				CLANG_CXX_LANGUAGE_STANDARD = "gnu++14";
				CLANG_CXX_LIBRARY = "libc++";
				CLANG_ENABLE_MODULES = YES;
				CLANG_ENABLE_OBJC_ARC = YES;
				CLANG_ENABLE_OBJC_WEAK = YES;
				CLANG_WARN_BLOCK_CAPTURE_AUTORELEASING = YES;
				CLANG_WARN_BOOL_CONVERSION = YES;
				CLANG_WARN_COMMA = YES;
				CLANG_WARN_CONSTANT_CONVERSION = YES;
				CLANG_WARN_DEPRECATED_OBJC_IMPLEMENTATIONS = YES;
				CLANG_WARN_DIRECT_OBJC_ISA_USAGE = YES_ERROR;
				CLANG_WARN_DOCUMENTATION_COMMENTS = YES;
				CLANG_WARN_EMPTY_BODY = YES;
				CLANG_WARN_ENUM_CONVERSION = YES;
				CLANG_WARN_INFINITE_RECURSION = YES;
				CLANG_WARN_INT_CONVERSION = YES;
				CLANG_WARN_NON_LITERAL_NULL_CONVERSION = YES;
				CLANG_WARN_OBJC_IMPLICIT_RETAIN_SELF = YES;
				CLANG_WARN_OBJC_LITERAL_CONVERSION = YES;
				CLANG_WARN_OBJC_ROOT_CLASS = YES_ERROR;
				CLANG_WARN_RANGE_LOOP_ANALYSIS = YES;
				CLANG_WARN_STRICT_PROTOTYPES = YES;
				CLANG_WARN_SUSPICIOUS_MOVE = YES;
				CLANG_WARN_UNGUARDED_AVAILABILITY = YES_AGGRESSIVE;
				CLANG_WARN_UNREACHABLE_CODE = YES;
				CLANG_WARN__DUPLICATE_METHOD_MATCH = YES;
				COPY_PHASE_STRIP = NO;
				DEBUG_INFORMATION_FORMAT = "dwarf-with-dsym";
				ENABLE_NS_ASSERTIONS = NO;
				ENABLE_STRICT_OBJC_MSGSEND = YES;
				GCC_C_LANGUAGE_STANDARD = gnu11;
				GCC_NO_COMMON_BLOCKS = YES;
				GCC_WARN_64_TO_32_BIT_CONVERSION = YES;
				GCC_WARN_ABOUT_RETURN_TYPE = YES_ERROR;
				GCC_WARN_UNDECLARED_SELECTOR = YES;
				GCC_WARN_UNINITIALIZED_AUTOS = YES_AGGRESSIVE;
				GCC_WARN_UNUSED_FUNCTION = YES;
				GCC_WARN_UNUSED_VARIABLE = YES;
				IPHONEOS_DEPLOYMENT_TARGET = 13.7;
				MTL_ENABLE_DEBUG_INFO = NO;
				MTL_FAST_MATH = YES;
				SDKROOT = iphoneos;
				SWIFT_COMPILATION_MODE = wholemodule;
				SWIFT_OPTIMIZATION_LEVEL = "-O";
				VALIDATE_PRODUCT = YES;
			};
			name = Release;
		};
		DED729A22628FC5A006FE76B /* Debug */ = {
			isa = XCBuildConfiguration;
			buildSettings = {
				ASSETCATALOG_COMPILER_APPICON_NAME = AppIcon;
				CODE_SIGN_STYLE = Automatic;
				DEVELOPMENT_TEAM = 3ZF9J3NK53;
				INFOPLIST_FILE = "Donate Food/Info.plist";
				LD_RUNPATH_SEARCH_PATHS = (
					"$(inherited)",
					"@executable_path/Frameworks",
				);
				PRODUCT_BUNDLE_IDENTIFIER = "CodePath.Donate-Food";
				PRODUCT_NAME = "$(TARGET_NAME)";
				SWIFT_VERSION = 5.0;
				TARGETED_DEVICE_FAMILY = "1,2";
			};
			name = Debug;
		};
		DED729A32628FC5A006FE76B /* Release */ = {
			isa = XCBuildConfiguration;
			buildSettings = {
				ASSETCATALOG_COMPILER_APPICON_NAME = AppIcon;
				CODE_SIGN_STYLE = Automatic;
				DEVELOPMENT_TEAM = 3ZF9J3NK53;
				INFOPLIST_FILE = "Donate Food/Info.plist";
				LD_RUNPATH_SEARCH_PATHS = (
					"$(inherited)",
					"@executable_path/Frameworks",
				);
				PRODUCT_BUNDLE_IDENTIFIER = "CodePath.Donate-Food";
				PRODUCT_NAME = "$(TARGET_NAME)";
				SWIFT_VERSION = 5.0;
				TARGETED_DEVICE_FAMILY = "1,2";
			};
			name = Release;
		};
		DED729A52628FC5A006FE76B /* Debug */ = {
			isa = XCBuildConfiguration;
			buildSettings = {
				ALWAYS_EMBED_SWIFT_STANDARD_LIBRARIES = YES;
				BUNDLE_LOADER = "$(TEST_HOST)";
				CODE_SIGN_STYLE = Automatic;
				INFOPLIST_FILE = "Donate FoodTests/Info.plist";
				IPHONEOS_DEPLOYMENT_TARGET = 13.7;
				LD_RUNPATH_SEARCH_PATHS = (
					"$(inherited)",
					"@executable_path/Frameworks",
					"@loader_path/Frameworks",
				);
				PRODUCT_BUNDLE_IDENTIFIER = "CodePath.Donate-FoodTests";
				PRODUCT_NAME = "$(TARGET_NAME)";
				SWIFT_VERSION = 5.0;
				TARGETED_DEVICE_FAMILY = "1,2";
				TEST_HOST = "$(BUILT_PRODUCTS_DIR)/Donate Food.app/Donate Food";
			};
			name = Debug;
		};
		DED729A62628FC5A006FE76B /* Release */ = {
			isa = XCBuildConfiguration;
			buildSettings = {
				ALWAYS_EMBED_SWIFT_STANDARD_LIBRARIES = YES;
				BUNDLE_LOADER = "$(TEST_HOST)";
				CODE_SIGN_STYLE = Automatic;
				INFOPLIST_FILE = "Donate FoodTests/Info.plist";
				IPHONEOS_DEPLOYMENT_TARGET = 13.7;
				LD_RUNPATH_SEARCH_PATHS = (
					"$(inherited)",
					"@executable_path/Frameworks",
					"@loader_path/Frameworks",
				);
				PRODUCT_BUNDLE_IDENTIFIER = "CodePath.Donate-FoodTests";
				PRODUCT_NAME = "$(TARGET_NAME)";
				SWIFT_VERSION = 5.0;
				TARGETED_DEVICE_FAMILY = "1,2";
				TEST_HOST = "$(BUILT_PRODUCTS_DIR)/Donate Food.app/Donate Food";
			};
			name = Release;
		};
		DED729A82628FC5A006FE76B /* Debug */ = {
			isa = XCBuildConfiguration;
			buildSettings = {
				ALWAYS_EMBED_SWIFT_STANDARD_LIBRARIES = YES;
				CODE_SIGN_STYLE = Automatic;
				INFOPLIST_FILE = "Donate FoodUITests/Info.plist";
				LD_RUNPATH_SEARCH_PATHS = (
					"$(inherited)",
					"@executable_path/Frameworks",
					"@loader_path/Frameworks",
				);
				PRODUCT_BUNDLE_IDENTIFIER = "CodePath.Donate-FoodUITests";
				PRODUCT_NAME = "$(TARGET_NAME)";
				SWIFT_VERSION = 5.0;
				TARGETED_DEVICE_FAMILY = "1,2";
				TEST_TARGET_NAME = "Donate Food";
			};
			name = Debug;
		};
		DED729A92628FC5A006FE76B /* Release */ = {
			isa = XCBuildConfiguration;
			buildSettings = {
				ALWAYS_EMBED_SWIFT_STANDARD_LIBRARIES = YES;
				CODE_SIGN_STYLE = Automatic;
				INFOPLIST_FILE = "Donate FoodUITests/Info.plist";
				LD_RUNPATH_SEARCH_PATHS = (
					"$(inherited)",
					"@executable_path/Frameworks",
					"@loader_path/Frameworks",
				);
				PRODUCT_BUNDLE_IDENTIFIER = "CodePath.Donate-FoodUITests";
				PRODUCT_NAME = "$(TARGET_NAME)";
				SWIFT_VERSION = 5.0;
				TARGETED_DEVICE_FAMILY = "1,2";
				TEST_TARGET_NAME = "Donate Food";
			};
			name = Release;
		};
/* End XCBuildConfiguration section */

/* Begin XCConfigurationList section */
		DED729722628FC56006FE76B /* Build configuration list for PBXProject "Donate Food" */ = {
			isa = XCConfigurationList;
			buildConfigurations = (
				DED7299F2628FC5A006FE76B /* Debug */,
				DED729A02628FC5A006FE76B /* Release */,
			);
			defaultConfigurationIsVisible = 0;
			defaultConfigurationName = Release;
		};
		DED729A12628FC5A006FE76B /* Build configuration list for PBXNativeTarget "Donate Food" */ = {
			isa = XCConfigurationList;
			buildConfigurations = (
				DED729A22628FC5A006FE76B /* Debug */,
				DED729A32628FC5A006FE76B /* Release */,
			);
			defaultConfigurationIsVisible = 0;
			defaultConfigurationName = Release;
		};
		DED729A42628FC5A006FE76B /* Build configuration list for PBXNativeTarget "Donate FoodTests" */ = {
			isa = XCConfigurationList;
			buildConfigurations = (
				DED729A52628FC5A006FE76B /* Debug */,
				DED729A62628FC5A006FE76B /* Release */,
			);
			defaultConfigurationIsVisible = 0;
			defaultConfigurationName = Release;
		};
		DED729A72628FC5A006FE76B /* Build configuration list for PBXNativeTarget "Donate FoodUITests" */ = {
			isa = XCConfigurationList;
			buildConfigurations = (
				DED729A82628FC5A006FE76B /* Debug */,
				DED729A92628FC5A006FE76B /* Release */,
			);
			defaultConfigurationIsVisible = 0;
			defaultConfigurationName = Release;
		};
/* End XCConfigurationList section */
	};
	rootObject = DED7296F2628FC56006FE76B /* Project object */;
}
